
Microsoft Visual Studio Solution File, Format Version 12.00
# Visual Studio Version 16
VisualStudioVersion = 16.0.36602.28
MinimumVisualStudioVersion = 10.0.40219.1
Project("{FAE04EC0-301F-11D3-BF4B-00C04F79EFBC}") = "Contrack", "Contrack\Contrack.csproj", "{ADEE404A-93C1-41B7-B6DC-0707BF9E59C7}"
EndProject
Global
	GlobalSection(SolutionConfigurationPlatforms) = preSolution
		Debug|Any CPU = Debug|Any CPU
		Release|Any CPU = Release|Any CPU
	EndGlobalSection
	GlobalSection(ProjectConfigurationPlatforms) = postSolution
		{ADEE404A-93C1-41B7-B6DC-0707BF9E59C7}.Debug|Any CPU.ActiveCfg = Debug|Any CPU
		{ADEE404A-93C1-41B7-B6DC-0707BF9E59C7}.Debug|Any CPU.Build.0 = Debug|Any CPU
		{ADEE404A-93C1-41B7-B6DC-0707BF9E59C7}.Release|Any CPU.ActiveCfg = Release|Any CPU
		{ADEE404A-93C1-41B7-B6DC-0707BF9E59C7}.Release|Any CPU.Build.0 = Release|Any CPU
	EndGlobalSection
	GlobalSection(SolutionProperties) = preSolution
		HideSolutionNode = FALSE
	EndGlobalSection
	GlobalSection(ExtensibilityGlobals) = postSolution
		SolutionGuid = {F67D6045-0F2D-42DF-BBE9-8CCB87ECA575}
	EndGlobalSection
EndGlobal
